
Microsoft Visual Studio Solution File, Format Version 12.00
# Visual Studio Version 17
VisualStudioVersion = 17.6.33927.249
MinimumVisualStudioVersion = 10.0.40219.1
Project("{FAE04EC0-301F-11D3-BF4B-00C04F79EFBC}") = "BookStore.Admin", "BookStore.Admin.csproj", "{788BDD39-840F-4592-A5A9-A20B71619EBB}"
EndProject
Global
	GlobalSection(SolutionConfigurationPlatforms) = preSolution
		Debug|Any CPU = Debug|Any CPU
		Release|Any CPU = Release|Any CPU
	EndGlobalSection
	GlobalSection(ProjectConfigurationPlatforms) = postSolution
		{788BDD39-840F-4592-A5A9-A20B71619EBB}.Debug|Any CPU.ActiveCfg = Debug|Any CPU
		{788BDD39-840F-4592-A5A9-A20B71619EBB}.Debug|Any CPU.Build.0 = Debug|Any CPU
		{788BDD39-840F-4592-A5A9-A20B71619EBB}.Release|Any CPU.ActiveCfg = Release|Any CPU
		{788BDD39-840F-4592-A5A9-A20B71619EBB}.Release|Any CPU.Build.0 = Release|Any CPU
	EndGlobalSection
	GlobalSection(SolutionProperties) = preSolution
		HideSolutionNode = FALSE
	EndGlobalSection
	GlobalSection(ExtensibilityGlobals) = postSolution
		SolutionGuid = {F08C8161-6416-41CA-BA04-5E936C7B6706}
	EndGlobalSection
EndGlobal
