
Microsoft Visual Studio Solution File, Format Version 12.00
# Visual Studio Version 17
VisualStudioVersion = 17.6.33927.249
MinimumVisualStudioVersion = 10.0.40219.1
Project("{FAE04EC0-301F-11D3-BF4B-00C04F79EFBC}") = "BookStore.Books", "BookStore.Books.csproj", "{3BADA084-BBE1-4912-B65D-1C4200865E12}"
EndProject
Global
	GlobalSection(SolutionConfigurationPlatforms) = preSolution
		Debug|Any CPU = Debug|Any CPU
		Release|Any CPU = Release|Any CPU
	EndGlobalSection
	GlobalSection(ProjectConfigurationPlatforms) = postSolution
		{3BADA084-BBE1-4912-B65D-1C4200865E12}.Debug|Any CPU.ActiveCfg = Debug|Any CPU
		{3BADA084-BBE1-4912-B65D-1C4200865E12}.Debug|Any CPU.Build.0 = Debug|Any CPU
		{3BADA084-BBE1-4912-B65D-1C4200865E12}.Release|Any CPU.ActiveCfg = Release|Any CPU
		{3BADA084-BBE1-4912-B65D-1C4200865E12}.Release|Any CPU.Build.0 = Release|Any CPU
	EndGlobalSection
	GlobalSection(SolutionProperties) = preSolution
		HideSolutionNode = FALSE
	EndGlobalSection
	GlobalSection(ExtensibilityGlobals) = postSolution
		SolutionGuid = {D840A0E5-2065-4417-B1A6-5C84ABD8ED0C}
	EndGlobalSection
EndGlobal
