
Microsoft Visual Studio Solution File, Format Version 12.00
# Visual Studio Version 17
VisualStudioVersion = 17.6.33927.249
MinimumVisualStudioVersion = 10.0.40219.1
Project("{FAE04EC0-301F-11D3-BF4B-00C04F79EFBC}") = "BookStore.Order", "BookStore.Order.csproj", "{1AC1DD6D-709F-442A-9075-6DA56267DDFD}"
EndProject
Global
	GlobalSection(SolutionConfigurationPlatforms) = preSolution
		Debug|Any CPU = Debug|Any CPU
		Release|Any CPU = Release|Any CPU
	EndGlobalSection
	GlobalSection(ProjectConfigurationPlatforms) = postSolution
		{1AC1DD6D-709F-442A-9075-6DA56267DDFD}.Debug|Any CPU.ActiveCfg = Debug|Any CPU
		{1AC1DD6D-709F-442A-9075-6DA56267DDFD}.Debug|Any CPU.Build.0 = Debug|Any CPU
		{1AC1DD6D-709F-442A-9075-6DA56267DDFD}.Release|Any CPU.ActiveCfg = Release|Any CPU
		{1AC1DD6D-709F-442A-9075-6DA56267DDFD}.Release|Any CPU.Build.0 = Release|Any CPU
	EndGlobalSection
	GlobalSection(SolutionProperties) = preSolution
		HideSolutionNode = FALSE
	EndGlobalSection
	GlobalSection(ExtensibilityGlobals) = postSolution
		SolutionGuid = {160B4D0D-F217-4FB7-BC29-C95472D9E237}
	EndGlobalSection
EndGlobal
